// !$*UTF8*$!
{
	archiveVersion = 1;
	classes = {
	};
	objectVersion = 56;
	objects = {

/* Begin PBXBuildFile section */
		944280232F12A0160035FE8B /* SettingsManager.swift in Sources */ = {isa = PBXBuildFile; fileRef = 944280222F12A0160035FE8B /* SettingsManager.swift */; };
		944280252F12A0230035FE8B /* CadenceGame.swift in Sources */ = {isa = PBXBuildFile; fileRef = 944280242F12A0230035FE8B /* CadenceGame.swift */; };
		944280272F12A0630035FE8B /* SettingsView.swift in Sources */ = {isa = PBXBuildFile; fileRef = 944280262F12A0630035FE8B /* SettingsView.swift */; };
		944280292F12A0770035FE8B /* CadenceLeaderboardView.swift in Sources */ = {isa = PBXBuildFile; fileRef = 944280282F12A0770035FE8B /* CadenceLeaderboardView.swift */; };
		9442802B2F12A08C0035FE8B /* CadenceDrillView.swift in Sources */ = {isa = PBXBuildFile; fileRef = 9442802A2F12A08C0035FE8B /* CadenceDrillView.swift */; };
		9442802F2F12A19E0035FE8B /* FlowLayout.swift in Sources */ = {isa = PBXBuildFile; fileRef = 9442802D2F12A19E0035FE8B /* FlowLayout.swift */; };
		944280302F12B0000035FE8B /* AudioManager.swift in Sources */ = {isa = PBXBuildFile; fileRef = 944280312F12B0000035FE8B /* AudioManager.swift */; };
		94DFCCDB2F13E08F00FBC0C2 /* ScaleGame.swift in Sources */ = {isa = PBXBuildFile; fileRef = 94DFCCDA2F13E08F00FBC0C2 /* ScaleGame.swift */; };
		94DFCCDD2F13E09B00FBC0C2 /* ScaleModel.swift in Sources */ = {isa = PBXBuildFile; fileRef = 94DFCCDC2F13E09B00FBC0C2 /* ScaleModel.swift */; };
		94DFCCE12F13E0DD00FBC0C2 /* JazzScaleDatabase.swift in Sources */ = {isa = PBXBuildFile; fileRef = 94DFCCE02F13E0DD00FBC0C2 /* JazzScaleDatabase.swift */; };
		94DFCCE32F13E0F400FBC0C2 /* PlayerStats.swift in Sources */ = {isa = PBXBuildFile; fileRef = 94DFCCE22F13E0F400FBC0C2 /* PlayerStats.swift */; };
		94DFCCE52F13E13F00FBC0C2 /* ScaleDrillView.swift in Sources */ = {isa = PBXBuildFile; fileRef = 94DFCCE42F13E13F00FBC0C2 /* ScaleDrillView.swift */; };
		94E4E7932F149D6E009754EE /* IntervalDatabase.swift in Sources */ = {isa = PBXBuildFile; fileRef = 94E4E7922F149D6E009754EE /* IntervalDatabase.swift */; };
		94E4E7952F149D7E009754EE /* IntervalGame.swift in Sources */ = {isa = PBXBuildFile; fileRef = 94E4E7942F149D7E009754EE /* IntervalGame.swift */; };
		94E4E7972F149D9C009754EE /* IntervalModel.swift in Sources */ = {isa = PBXBuildFile; fileRef = 94E4E7962F149D9C009754EE /* IntervalModel.swift */; };
		94E4E7992F149DBA009754EE /* IntervalDrillView.swift in Sources */ = {isa = PBXBuildFile; fileRef = 94E4E7982F149DBA009754EE /* IntervalDrillView.swift */; };
		A1234567890ABCDEF001 /* JazzHarmonyQuizApp.swift in Sources */ = {isa = PBXBuildFile; fileRef = A1234567890ABCDEF000 /* JazzHarmonyQuizApp.swift */; };
		A1234567890ABCDEF003 /* ContentView.swift in Sources */ = {isa = PBXBuildFile; fileRef = A1234567890ABCDEF002 /* ContentView.swift */; };
		A1234567890ABCDEF005 /* Assets.xcassets in Resources */ = {isa = PBXBuildFile; fileRef = A1234567890ABCDEF004 /* Assets.xcassets */; };
		A1234567890ABCDEF008 /* Preview Assets.xcassets in Resources */ = {isa = PBXBuildFile; fileRef = A1234567890ABCDEF007 /* Preview Assets.xcassets */; };
		A1234567890ABCDEF010 /* ChordModel.swift in Sources */ = {isa = PBXBuildFile; fileRef = A1234567890ABCDEF009 /* ChordModel.swift */; };
		A1234567890ABCDEF012 /* PianoKeyboard.swift in Sources */ = {isa = PBXBuildFile; fileRef = A1234567890ABCDEF011 /* PianoKeyboard.swift */; };
		A1234567890ABCDEF014 /* QuizGame.swift in Sources */ = {isa = PBXBuildFile; fileRef = A1234567890ABCDEF013 /* QuizGame.swift */; };
		A1234567890ABCDEF016 /* ChordDrillView.swift in Sources */ = {isa = PBXBuildFile; fileRef = A1234567890ABCDEF015 /* ChordDrillView.swift */; };
		A1234567890ABCDEF018 /* ResultsView.swift in Sources */ = {isa = PBXBuildFile; fileRef = A1234567890ABCDEF017 /* ResultsView.swift */; };
		A1234567890ABCDEF020 /* LeaderboardView.swift in Sources */ = {isa = PBXBuildFile; fileRef = A1234567890ABCDEF019 /* LeaderboardView.swift */; };
		A1234567890ABCDEF022 /* JazzChordDatabase.swift in Sources */ = {isa = PBXBuildFile; fileRef = A1234567890ABCDEF021 /* JazzChordDatabase.swift */; };
/* End PBXBuildFile section */

/* Begin PBXFileReference section */
		944280222F12A0160035FE8B /* SettingsManager.swift */ = {isa = PBXFileReference; lastKnownFileType = sourcecode.swift; path = SettingsManager.swift; sourceTree = "<group>"; };
		944280242F12A0230035FE8B /* CadenceGame.swift */ = {isa = PBXFileReference; lastKnownFileType = sourcecode.swift; path = CadenceGame.swift; sourceTree = "<group>"; };
		944280262F12A0630035FE8B /* SettingsView.swift */ = {isa = PBXFileReference; lastKnownFileType = sourcecode.swift; path = SettingsView.swift; sourceTree = "<group>"; };
		944280282F12A0770035FE8B /* CadenceLeaderboardView.swift */ = {isa = PBXFileReference; lastKnownFileType = sourcecode.swift; path = CadenceLeaderboardView.swift; sourceTree = "<group>"; };
		9442802A2F12A08C0035FE8B /* CadenceDrillView.swift */ = {isa = PBXFileReference; lastKnownFileType = sourcecode.swift; path = CadenceDrillView.swift; sourceTree = "<group>"; };
		9442802D2F12A19E0035FE8B /* FlowLayout.swift */ = {isa = PBXFileReference; lastKnownFileType = sourcecode.swift; path = FlowLayout.swift; sourceTree = "<group>"; };
		944280312F12B0000035FE8B /* AudioManager.swift */ = {isa = PBXFileReference; lastKnownFileType = sourcecode.swift; path = AudioManager.swift; sourceTree = "<group>"; };
		94DFCCDA2F13E08F00FBC0C2 /* ScaleGame.swift */ = {isa = PBXFileReference; lastKnownFileType = sourcecode.swift; path = ScaleGame.swift; sourceTree = "<group>"; };
		94DFCCDC2F13E09B00FBC0C2 /* ScaleModel.swift */ = {isa = PBXFileReference; lastKnownFileType = sourcecode.swift; path = ScaleModel.swift; sourceTree = "<group>"; };
		94DFCCE02F13E0DD00FBC0C2 /* JazzScaleDatabase.swift */ = {isa = PBXFileReference; lastKnownFileType = sourcecode.swift; path = JazzScaleDatabase.swift; sourceTree = "<group>"; };
		94DFCCE22F13E0F400FBC0C2 /* PlayerStats.swift */ = {isa = PBXFileReference; lastKnownFileType = sourcecode.swift; path = PlayerStats.swift; sourceTree = "<group>"; };
		94DFCCE42F13E13F00FBC0C2 /* ScaleDrillView.swift */ = {isa = PBXFileReference; lastKnownFileType = sourcecode.swift; path = ScaleDrillView.swift; sourceTree = "<group>"; };
		94E4E7922F149D6E009754EE /* IntervalDatabase.swift */ = {isa = PBXFileReference; lastKnownFileType = sourcecode.swift; path = IntervalDatabase.swift; sourceTree = "<group>"; };
		94E4E7942F149D7E009754EE /* IntervalGame.swift */ = {isa = PBXFileReference; lastKnownFileType = sourcecode.swift; path = IntervalGame.swift; sourceTree = "<group>"; };
		94E4E7962F149D9C009754EE /* IntervalModel.swift */ = {isa = PBXFileReference; lastKnownFileType = sourcecode.swift; path = IntervalModel.swift; sourceTree = "<group>"; };
		94E4E7982F149DBA009754EE /* IntervalDrillView.swift */ = {isa = PBXFileReference; lastKnownFileType = sourcecode.swift; path = IntervalDrillView.swift; sourceTree = "<group>"; };
		A1234567890ABCDEF000 /* JazzHarmonyQuizApp.swift */ = {isa = PBXFileReference; lastKnownFileType = sourcecode.swift; path = JazzHarmonyQuizApp.swift; sourceTree = "<group>"; };
		A1234567890ABCDEF002 /* ContentView.swift */ = {isa = PBXFileReference; lastKnownFileType = sourcecode.swift; path = ContentView.swift; sourceTree = "<group>"; };
		A1234567890ABCDEF004 /* Assets.xcassets */ = {isa = PBXFileReference; lastKnownFileType = folder.assetcatalog; path = Assets.xcassets; sourceTree = "<group>"; };
		A1234567890ABCDEF007 /* Preview Assets.xcassets */ = {isa = PBXFileReference; lastKnownFileType = folder.assetcatalog; path = "Preview Assets.xcassets"; sourceTree = "<group>"; };
		A1234567890ABCDEF009 /* ChordModel.swift */ = {isa = PBXFileReference; lastKnownFileType = sourcecode.swift; path = ChordModel.swift; sourceTree = "<group>"; };
		A1234567890ABCDEF011 /* PianoKeyboard.swift */ = {isa = PBXFileReference; lastKnownFileType = sourcecode.swift; path = PianoKeyboard.swift; sourceTree = "<group>"; };
		A1234567890ABCDEF013 /* QuizGame.swift */ = {isa = PBXFileReference; lastKnownFileType = sourcecode.swift; path = QuizGame.swift; sourceTree = "<group>"; };
		A1234567890ABCDEF015 /* ChordDrillView.swift */ = {isa = PBXFileReference; lastKnownFileType = sourcecode.swift; path = ChordDrillView.swift; sourceTree = "<group>"; };
		A1234567890ABCDEF017 /* ResultsView.swift */ = {isa = PBXFileReference; lastKnownFileType = sourcecode.swift; path = ResultsView.swift; sourceTree = "<group>"; };
		A1234567890ABCDEF019 /* LeaderboardView.swift */ = {isa = PBXFileReference; lastKnownFileType = sourcecode.swift; path = LeaderboardView.swift; sourceTree = "<group>"; };
		A1234567890ABCDEF021 /* JazzChordDatabase.swift */ = {isa = PBXFileReference; lastKnownFileType = sourcecode.swift; path = JazzChordDatabase.swift; sourceTree = "<group>"; };
		A1234567890ABCDEF023 /* JazzHarmonyQuiz.app */ = {isa = PBXFileReference; explicitFileType = wrapper.application; includeInIndex = 0; path = JazzHarmonyQuiz.app; sourceTree = BUILT_PRODUCTS_DIR; };
/* End PBXFileReference section */

/* Begin PBXFrameworksBuildPhase section */
		A1234567890ABCDEF024 /* Frameworks */ = {
			isa = PBXFrameworksBuildPhase;
			buildActionMask = 2147483647;
			files = (
			);
			runOnlyForDeploymentPostprocessing = 0;
		};
/* End PBXFrameworksBuildPhase section */

/* Begin PBXGroup section */
		9442802C2F12A1870035FE8B /* New Group */ = {
			isa = PBXGroup;
			children = (
			);
			path = "New Group";
			sourceTree = "<group>";
		};
		9442802E2F12A19E0035FE8B /* Helpers */ = {
			isa = PBXGroup;
			children = (
				9442802D2F12A19E0035FE8B /* FlowLayout.swift */,
				944280312F12B0000035FE8B /* AudioManager.swift */,
			);
			path = Helpers;
			sourceTree = "<group>";
		};
		A1234567890ABCDEF025 = {
			isa = PBXGroup;
			children = (
				A1234567890ABCDEF026 /* JazzHarmonyQuiz */,
				A1234567890ABCDEF027 /* Products */,
			);
			sourceTree = "<group>";
		};
		A1234567890ABCDEF026 /* JazzHarmonyQuiz */ = {
			isa = PBXGroup;
			children = (
				9442802C2F12A1870035FE8B /* New Group */,
				A1234567890ABCDEF000 /* JazzHarmonyQuizApp.swift */,
				A1234567890ABCDEF002 /* ContentView.swift */,
				A1234567890ABCDEF028 /* Models */,
				A1234567890ABCDEF029 /* Views */,
				A1234567890ABCDEF004 /* Assets.xcassets */,
				A1234567890ABCDEF030 /* Preview Content */,
				9442802E2F12A19E0035FE8B /* Helpers */,
			);
			path = JazzHarmonyQuiz;
			sourceTree = "<group>";
		};
		A1234567890ABCDEF027 /* Products */ = {
			isa = PBXGroup;
			children = (
				A1234567890ABCDEF023 /* JazzHarmonyQuiz.app */,
			);
			name = Products;
			sourceTree = "<group>";
		};
		A1234567890ABCDEF028 /* Models */ = {
			isa = PBXGroup;
			children = (
				A1234567890ABCDEF009 /* ChordModel.swift */,
				A1234567890ABCDEF013 /* QuizGame.swift */,
				A1234567890ABCDEF021 /* JazzChordDatabase.swift */,
				944280222F12A0160035FE8B /* SettingsManager.swift */,
				944280242F12A0230035FE8B /* CadenceGame.swift */,
				94DFCCDA2F13E08F00FBC0C2 /* ScaleGame.swift */,
				94DFCCDC2F13E09B00FBC0C2 /* ScaleModel.swift */,
				94DFCCE02F13E0DD00FBC0C2 /* JazzScaleDatabase.swift */,
				94DFCCE22F13E0F400FBC0C2 /* PlayerStats.swift */,
				94E4E7922F149D6E009754EE /* IntervalDatabase.swift */,
				94E4E7942F149D7E009754EE /* IntervalGame.swift */,
				94E4E7962F149D9C009754EE /* IntervalModel.swift */,
			);
			path = Models;
			sourceTree = "<group>";
		};
		A1234567890ABCDEF029 /* Views */ = {
			isa = PBXGroup;
			children = (
				A1234567890ABCDEF011 /* PianoKeyboard.swift */,
				A1234567890ABCDEF015 /* ChordDrillView.swift */,
				A1234567890ABCDEF017 /* ResultsView.swift */,
				A1234567890ABCDEF019 /* LeaderboardView.swift */,
				944280262F12A0630035FE8B /* SettingsView.swift */,
				944280282F12A0770035FE8B /* CadenceLeaderboardView.swift */,
				9442802A2F12A08C0035FE8B /* CadenceDrillView.swift */,
				94DFCCE42F13E13F00FBC0C2 /* ScaleDrillView.swift */,
				94E4E7982F149DBA009754EE /* IntervalDrillView.swift */,
			);
			path = Views;
			sourceTree = "<group>";
		};
		A1234567890ABCDEF030 /* Preview Content */ = {
			isa = PBXGroup;
			children = (
				A1234567890ABCDEF007 /* Preview Assets.xcassets */,
			);
			path = "Preview Content";
			sourceTree = "<group>";
		};
/* End PBXGroup section */

/* Begin PBXNativeTarget section */
		A1234567890ABCDEF031 /* JazzHarmonyQuiz */ = {
			isa = PBXNativeTarget;
			buildConfigurationList = A1234567890ABCDEF032 /* Build configuration list for PBXNativeTarget "JazzHarmonyQuiz" */;
			buildPhases = (
				A1234567890ABCDEF033 /* Sources */,
				A1234567890ABCDEF024 /* Frameworks */,
				A1234567890ABCDEF034 /* Resources */,
			);
			buildRules = (
			);
			dependencies = (
			);
			name = JazzHarmonyQuiz;
			productName = JazzHarmonyQuiz;
			productReference = A1234567890ABCDEF023 /* JazzHarmonyQuiz.app */;
			productType = "com.apple.product-type.application";
		};
/* End PBXNativeTarget section */

/* Begin PBXProject section */
		A1234567890ABCDEF035 /* Project object */ = {
			isa = PBXProject;
			attributes = {
				BuildIndependentTargetsInParallel = 1;
				LastSwiftUpdateCheck = 1500;
				LastUpgradeCheck = 2620;
				TargetAttributes = {
					A1234567890ABCDEF031 = {
						CreatedOnToolsVersion = 15.0;
					};
				};
			};
			buildConfigurationList = A1234567890ABCDEF036 /* Build configuration list for PBXProject "JazzHarmonyQuiz" */;
			compatibilityVersion = "Xcode 14.0";
			developmentRegion = en;
			hasScannedForEncodings = 0;
			knownRegions = (
				en,
				Base,
			);
			mainGroup = A1234567890ABCDEF025;
			productRefGroup = A1234567890ABCDEF027 /* Products */;
			projectDirPath = "";
			projectRoot = "";
			targets = (
				A1234567890ABCDEF031 /* JazzHarmonyQuiz */,
			);
		};
/* End PBXProject section */

/* Begin PBXResourcesBuildPhase section */
		A1234567890ABCDEF034 /* Resources */ = {
			isa = PBXResourcesBuildPhase;
			buildActionMask = 2147483647;
			files = (
				A1234567890ABCDEF008 /* Preview Assets.xcassets in Resources */,
				A1234567890ABCDEF005 /* Assets.xcassets in Resources */,
			);
			runOnlyForDeploymentPostprocessing = 0;
		};
/* End PBXResourcesBuildPhase section */

/* Begin PBXSourcesBuildPhase section */
		A1234567890ABCDEF033 /* Sources */ = {
			isa = PBXSourcesBuildPhase;
			buildActionMask = 2147483647;
			files = (
				A1234567890ABCDEF003 /* ContentView.swift in Sources */,
				94DFCCE12F13E0DD00FBC0C2 /* JazzScaleDatabase.swift in Sources */,
				A1234567890ABCDEF001 /* JazzHarmonyQuizApp.swift in Sources */,
				A1234567890ABCDEF010 /* ChordModel.swift in Sources */,
				94DFCCE52F13E13F00FBC0C2 /* ScaleDrillView.swift in Sources */,
				94DFCCE32F13E0F400FBC0C2 /* PlayerStats.swift in Sources */,
				A1234567890ABCDEF012 /* PianoKeyboard.swift in Sources */,
				944280252F12A0230035FE8B /* CadenceGame.swift in Sources */,
				A1234567890ABCDEF014 /* QuizGame.swift in Sources */,
				A1234567890ABCDEF016 /* ChordDrillView.swift in Sources */,
				9442802F2F12A19E0035FE8B /* FlowLayout.swift in Sources */,
				94E4E7952F149D7E009754EE /* IntervalGame.swift in Sources */,
				944280302F12B0000035FE8B /* AudioManager.swift in Sources */,
				944280232F12A0160035FE8B /* SettingsManager.swift in Sources */,
				A1234567890ABCDEF018 /* ResultsView.swift in Sources */,
				944280272F12A0630035FE8B /* SettingsView.swift in Sources */,
				94DFCCDB2F13E08F00FBC0C2 /* ScaleGame.swift in Sources */,
				9442802B2F12A08C0035FE8B /* CadenceDrillView.swift in Sources */,
				94E4E7932F149D6E009754EE /* IntervalDatabase.swift in Sources */,
				94E4E7992F149DBA009754EE /* IntervalDrillView.swift in Sources */,
				94DFCCDD2F13E09B00FBC0C2 /* ScaleModel.swift in Sources */,
				94E4E7972F149D9C009754EE /* IntervalModel.swift in Sources */,
				A1234567890ABCDEF020 /* LeaderboardView.swift in Sources */,
				944280292F12A0770035FE8B /* CadenceLeaderboardView.swift in Sources */,
				A1234567890ABCDEF022 /* JazzChordDatabase.swift in Sources */,
			);
			runOnlyForDeploymentPostprocessing = 0;
		};
/* End PBXSourcesBuildPhase section */

/* Begin XCBuildConfiguration section */
		A1234567890ABCDEF037 /* Debug */ = {
			isa = XCBuildConfiguration;
			buildSettings = {
				ALWAYS_SEARCH_USER_PATHS = NO;
				ASSETCATALOG_COMPILER_GENERATE_SWIFT_ASSET_SYMBOL_EXTENSIONS = YES;
				CLANG_ANALYZER_NONNULL = YES;
				CLANG_ANALYZER_NUMBER_OBJECT_CONVERSION = YES_AGGRESSIVE;
				CLANG_CXX_LANGUAGE_STANDARD = "gnu++20";
				CLANG_ENABLE_MODULES = YES;
				CLANG_ENABLE_OBJC_ARC = YES;
				CLANG_ENABLE_OBJC_WEAK = YES;
				CLANG_WARN_BLOCK_CAPTURE_AUTORELEASING = YES;
				CLANG_WARN_BOOL_CONVERSION = YES;
				CLANG_WARN_COMMA = YES;
				CLANG_WARN_CONSTANT_CONVERSION = YES;
				CLANG_WARN_DEPRECATED_OBJC_IMPLEMENTATIONS = YES;
				CLANG_WARN_DIRECT_OBJC_ISA_USAGE = YES_ERROR;
				CLANG_WARN_DOCUMENTATION_COMMENTS = YES;
				CLANG_WARN_EMPTY_BODY = YES;
				CLANG_WARN_ENUM_CONVERSION = YES;
				CLANG_WARN_INFINITE_RECURSION = YES;
				CLANG_WARN_INT_CONVERSION = YES;
				CLANG_WARN_NON_LITERAL_NULL_CONVERSION = YES;
				CLANG_WARN_OBJC_IMPLICIT_RETAIN_SELF = YES;
				CLANG_WARN_OBJC_LITERAL_CONVERSION = YES;
				CLANG_WARN_OBJC_ROOT_CLASS = YES_ERROR;
				CLANG_WARN_QUOTED_INCLUDE_IN_FRAMEWORK_HEADER = YES;
				CLANG_WARN_RANGE_LOOP_ANALYSIS = YES;
				CLANG_WARN_STRICT_PROTOTYPES = YES;
				CLANG_WARN_SUSPICIOUS_MOVE = YES;
				CLANG_WARN_UNGUARDED_AVAILABILITY = YES_AGGRESSIVE;
				CLANG_WARN_UNREACHABLE_CODE = YES;
				CLANG_WARN__DUPLICATE_METHOD_MATCH = YES;
				COPY_PHASE_STRIP = NO;
				DEBUG_INFORMATION_FORMAT = dwarf;
				ENABLE_STRICT_OBJC_MSGSEND = YES;
				ENABLE_TESTABILITY = YES;
				ENABLE_USER_SCRIPT_SANDBOXING = YES;
				GCC_C_LANGUAGE_STANDARD = gnu17;
				GCC_DYNAMIC_NO_PIC = NO;
				GCC_NO_COMMON_BLOCKS = YES;
				GCC_OPTIMIZATION_LEVEL = 0;
				GCC_PREPROCESSOR_DEFINITIONS = (
					"DEBUG=1",
					"$(inherited)",
				);
				GCC_WARN_64_TO_32_BIT_CONVERSION = YES;
				GCC_WARN_ABOUT_RETURN_TYPE = YES_ERROR;
				GCC_WARN_UNDECLARED_SELECTOR = YES;
				GCC_WARN_UNINITIALIZED_AUTOS = YES_AGGRESSIVE;
				GCC_WARN_UNUSED_FUNCTION = YES;
				GCC_WARN_UNUSED_VARIABLE = YES;
				IPHONEOS_DEPLOYMENT_TARGET = 17.0;
				LOCALIZATION_PREFERS_STRING_CATALOGS = YES;
				MTL_ENABLE_DEBUG_INFO = INCLUDE_SOURCE;
				MTL_FAST_MATH = YES;
				ONLY_ACTIVE_ARCH = YES;
				SDKROOT = iphoneos;
				STRING_CATALOG_GENERATE_SYMBOLS = YES;
				SWIFT_ACTIVE_COMPILATION_CONDITIONS = "DEBUG $(inherited)";
				SWIFT_OPTIMIZATION_LEVEL = "-Onone";
			};
			name = Debug;
		};
		A1234567890ABCDEF038 /* Release */ = {
			isa = XCBuildConfiguration;
			buildSettings = {
				ALWAYS_SEARCH_USER_PATHS = NO;
				ASSETCATALOG_COMPILER_GENERATE_SWIFT_ASSET_SYMBOL_EXTENSIONS = YES;
				CLANG_ANALYZER_NONNULL = YES;
				CLANG_ANALYZER_NUMBER_OBJECT_CONVERSION = YES_AGGRESSIVE;
				CLANG_CXX_LANGUAGE_STANDARD = "gnu++20";
				CLANG_ENABLE_MODULES = YES;
				CLANG_ENABLE_OBJC_ARC = YES;
				CLANG_ENABLE_OBJC_WEAK = YES;
				CLANG_WARN_BLOCK_CAPTURE_AUTORELEASING = YES;
				CLANG_WARN_BOOL_CONVERSION = YES;
				CLANG_WARN_COMMA = YES;
				CLANG_WARN_CONSTANT_CONVERSION = YES;
				CLANG_WARN_DEPRECATED_OBJC_IMPLEMENTATIONS = YES;
				CLANG_WARN_DIRECT_OBJC_ISA_USAGE = YES_ERROR;
				CLANG_WARN_DOCUMENTATION_COMMENTS = YES;
				CLANG_WARN_EMPTY_BODY = YES;
				CLANG_WARN_ENUM_CONVERSION = YES;
				CLANG_WARN_INFINITE_RECURSION = YES;
				CLANG_WARN_INT_CONVERSION = YES;
				CLANG_WARN_NON_LITERAL_NULL_CONVERSION = YES;
				CLANG_WARN_OBJC_IMPLICIT_RETAIN_SELF = YES;
				CLANG_WARN_OBJC_LITERAL_CONVERSION = YES;
				CLANG_WARN_OBJC_ROOT_CLASS = YES_ERROR;
				CLANG_WARN_QUOTED_INCLUDE_IN_FRAMEWORK_HEADER = YES;
				CLANG_WARN_RANGE_LOOP_ANALYSIS = YES;
				CLANG_WARN_STRICT_PROTOTYPES = YES;
				CLANG_WARN_SUSPICIOUS_MOVE = YES;
				CLANG_WARN_UNGUARDED_AVAILABILITY = YES_AGGRESSIVE;
				CLANG_WARN_UNREACHABLE_CODE = YES;
				CLANG_WARN__DUPLICATE_METHOD_MATCH = YES;
				COPY_PHASE_STRIP = NO;
				DEBUG_INFORMATION_FORMAT = "dwarf-with-dsym";
				ENABLE_NS_ASSERTIONS = NO;
				ENABLE_STRICT_OBJC_MSGSEND = YES;
				ENABLE_USER_SCRIPT_SANDBOXING = YES;
				GCC_C_LANGUAGE_STANDARD = gnu17;
				GCC_NO_COMMON_BLOCKS = YES;
				GCC_WARN_64_TO_32_BIT_CONVERSION = YES;
				GCC_WARN_ABOUT_RETURN_TYPE = YES_ERROR;
				GCC_WARN_UNDECLARED_SELECTOR = YES;
				GCC_WARN_UNINITIALIZED_AUTOS = YES_AGGRESSIVE;
				GCC_WARN_UNUSED_FUNCTION = YES;
				GCC_WARN_UNUSED_VARIABLE = YES;
				IPHONEOS_DEPLOYMENT_TARGET = 17.0;
				LOCALIZATION_PREFERS_STRING_CATALOGS = YES;
				MTL_ENABLE_DEBUG_INFO = NO;
				MTL_FAST_MATH = YES;
				SDKROOT = iphoneos;
				STRING_CATALOG_GENERATE_SYMBOLS = YES;
				SWIFT_COMPILATION_MODE = wholemodule;
				VALIDATE_PRODUCT = YES;
			};
			name = Release;
		};
		A1234567890ABCDEF039 /* Debug */ = {
			isa = XCBuildConfiguration;
			buildSettings = {
				ASSETCATALOG_COMPILER_APPICON_NAME = AppIcon;
				ASSETCATALOG_COMPILER_GLOBAL_ACCENT_COLOR_NAME = AccentColor;
				CODE_SIGN_STYLE = Automatic;
				CURRENT_PROJECT_VERSION = 1;
				DEVELOPMENT_ASSET_PATHS = "\"JazzHarmonyQuiz/Preview Content\"";
				DEVELOPMENT_TEAM = U62N9UMNG7;
				ENABLE_PREVIEWS = YES;
				GENERATE_INFOPLIST_FILE = YES;
				INFOPLIST_KEY_UIApplicationSceneManifest_Generation = YES;
				INFOPLIST_KEY_UIApplicationSupportsIndirectInputEvents = YES;
				INFOPLIST_KEY_UILaunchScreen_Generation = YES;
				INFOPLIST_KEY_UISupportedInterfaceOrientations_iPad = "UIInterfaceOrientationPortrait UIInterfaceOrientationPortraitUpsideDown UIInterfaceOrientationLandscapeLeft UIInterfaceOrientationLandscapeRight";
				INFOPLIST_KEY_UISupportedInterfaceOrientations_iPhone = "UIInterfaceOrientationPortrait UIInterfaceOrientationLandscapeLeft UIInterfaceOrientationLandscapeRight";
				LD_RUNPATH_SEARCH_PATHS = (
					"$(inherited)",
					"@executable_path/Frameworks",
				);
				MARKETING_VERSION = 1.0;
				PRODUCT_BUNDLE_IDENTIFIER = com.jazzharmony.quiz;
				PRODUCT_NAME = "$(TARGET_NAME)";
				SWIFT_EMIT_LOC_STRINGS = YES;
				SWIFT_VERSION = 5.0;
				TARGETED_DEVICE_FAMILY = "1,2";
			};
			name = Debug;
		};
		A1234567890ABCDEF040 /* Release */ = {
			isa = XCBuildConfiguration;
			buildSettings = {
				ASSETCATALOG_COMPILER_APPICON_NAME = AppIcon;
				ASSETCATALOG_COMPILER_GLOBAL_ACCENT_COLOR_NAME = AccentColor;
				CODE_SIGN_STYLE = Automatic;
				CURRENT_PROJECT_VERSION = 1;
				DEVELOPMENT_ASSET_PATHS = "\"JazzHarmonyQuiz/Preview Content\"";
				DEVELOPMENT_TEAM = U62N9UMNG7;
				ENABLE_PREVIEWS = YES;
				GENERATE_INFOPLIST_FILE = YES;
				INFOPLIST_KEY_UIApplicationSceneManifest_Generation = YES;
				INFOPLIST_KEY_UIApplicationSupportsIndirectInputEvents = YES;
				INFOPLIST_KEY_UILaunchScreen_Generation = YES;
				INFOPLIST_KEY_UISupportedInterfaceOrientations_iPad = "UIInterfaceOrientationPortrait UIInterfaceOrientationPortraitUpsideDown UIInterfaceOrientationLandscapeLeft UIInterfaceOrientationLandscapeRight";
				INFOPLIST_KEY_UISupportedInterfaceOrientations_iPhone = "UIInterfaceOrientationPortrait UIInterfaceOrientationLandscapeLeft UIInterfaceOrientationLandscapeRight";
				LD_RUNPATH_SEARCH_PATHS = (
					"$(inherited)",
					"@executable_path/Frameworks",
				);
				MARKETING_VERSION = 1.0;
				PRODUCT_BUNDLE_IDENTIFIER = com.jazzharmony.quiz;
				PRODUCT_NAME = "$(TARGET_NAME)";
				SWIFT_EMIT_LOC_STRINGS = YES;
				SWIFT_VERSION = 5.0;
				TARGETED_DEVICE_FAMILY = "1,2";
			};
			name = Release;
		};
/* End XCBuildConfiguration section */

/* Begin XCConfigurationList section */
		A1234567890ABCDEF032 /* Build configuration list for PBXNativeTarget "JazzHarmonyQuiz" */ = {
			isa = XCConfigurationList;
			buildConfigurations = (
				A1234567890ABCDEF039 /* Debug */,
				A1234567890ABCDEF040 /* Release */,
			);
			defaultConfigurationIsVisible = 0;
			defaultConfigurationName = Release;
		};
		A1234567890ABCDEF036 /* Build configuration list for PBXProject "JazzHarmonyQuiz" */ = {
			isa = XCConfigurationList;
			buildConfigurations = (
				A1234567890ABCDEF037 /* Debug */,
				A1234567890ABCDEF038 /* Release */,
			);
			defaultConfigurationIsVisible = 0;
			defaultConfigurationName = Release;
		};
/* End XCConfigurationList section */
	};
	rootObject = A1234567890ABCDEF035 /* Project object */;
}
